// !$*UTF8*$!
{
	archiveVersion = 1;
	classes = {
	};
	objectVersion = 55;
	objects = {

/* Begin PBXBuildFile section */
		033FEFDC28B0E6B90093F709 /* sagaRecordApp.swift in Sources */ = {isa = PBXBuildFile; fileRef = 033FEFDB28B0E6B90093F709 /* sagaRecordApp.swift */; };
		033FEFDE28B0E6B90093F709 /* ContentView.swift in Sources */ = {isa = PBXBuildFile; fileRef = 033FEFDD28B0E6B90093F709 /* ContentView.swift */; };
		033FEFE028B0E6BA0093F709 /* Assets.xcassets in Resources */ = {isa = PBXBuildFile; fileRef = 033FEFDF28B0E6BA0093F709 /* Assets.xcassets */; };
		033FEFE328B0E6BA0093F709 /* Preview Assets.xcassets in Resources */ = {isa = PBXBuildFile; fileRef = 033FEFE228B0E6BA0093F709 /* Preview Assets.xcassets */; };
		033FEFED28B0E6BA0093F709 /* sagaRecordTests.swift in Sources */ = {isa = PBXBuildFile; fileRef = 033FEFEC28B0E6BA0093F709 /* sagaRecordTests.swift */; };
		033FEFF728B0E6BA0093F709 /* sagaRecordUITests.swift in Sources */ = {isa = PBXBuildFile; fileRef = 033FEFF628B0E6BA0093F709 /* sagaRecordUITests.swift */; };
		033FEFF928B0E6BA0093F709 /* sagaRecordUITestsLaunchTests.swift in Sources */ = {isa = PBXBuildFile; fileRef = 033FEFF828B0E6BA0093F709 /* sagaRecordUITestsLaunchTests.swift */; };
		033FF00628B0EEB30093F709 /* CharactersModel.swift in Sources */ = {isa = PBXBuildFile; fileRef = 033FF00528B0EEB30093F709 /* CharactersModel.swift */; };
		033FF00828B112120093F709 /* CharactersControllModel.swift in Sources */ = {isa = PBXBuildFile; fileRef = 033FF00728B112120093F709 /* CharactersControllModel.swift */; };
		033FF00B28B3E8D20093F709 /* ConstantValuesModel.swift in Sources */ = {isa = PBXBuildFile; fileRef = 033FF00A28B3E8D20093F709 /* ConstantValuesModel.swift */; };
		033FF00D28B3EA970093F709 /* StatusStepperView.swift in Sources */ = {isa = PBXBuildFile; fileRef = 033FF00C28B3EA970093F709 /* StatusStepperView.swift */; };
		36D33CD9DEB2AA1B0DEBB870 /* Pods_sagaRecord_sagaRecordUITests.framework in Frameworks */ = {isa = PBXBuildFile; fileRef = F1B6424217322169BE31C674 /* Pods_sagaRecord_sagaRecordUITests.framework */; };
		67395AEE74F5483E22451BD0 /* Pods_sagaRecord.framework in Frameworks */ = {isa = PBXBuildFile; fileRef = C282503C022A3A55092AAD12 /* Pods_sagaRecord.framework */; };
		F4A766A94B02AB17F10C4826 /* Pods_sagaRecordTests.framework in Frameworks */ = {isa = PBXBuildFile; fileRef = A4E08360F823C442F197AC3E /* Pods_sagaRecordTests.framework */; };
/* End PBXBuildFile section */

/* Begin PBXContainerItemProxy section */
		033FEFE928B0E6BA0093F709 /* PBXContainerItemProxy */ = {
			isa = PBXContainerItemProxy;
			containerPortal = 033FEFD028B0E6B90093F709 /* Project object */;
			proxyType = 1;
			remoteGlobalIDString = 033FEFD728B0E6B90093F709;
			remoteInfo = sagaRecord;
		};
		033FEFF328B0E6BA0093F709 /* PBXContainerItemProxy */ = {
			isa = PBXContainerItemProxy;
			containerPortal = 033FEFD028B0E6B90093F709 /* Project object */;
			proxyType = 1;
			remoteGlobalIDString = 033FEFD728B0E6B90093F709;
			remoteInfo = sagaRecord;
		};
/* End PBXContainerItemProxy section */

/* Begin PBXFileReference section */
		033FEFD828B0E6B90093F709 /* sagaRecord.app */ = {isa = PBXFileReference; explicitFileType = wrapper.application; includeInIndex = 0; path = sagaRecord.app; sourceTree = BUILT_PRODUCTS_DIR; };
		033FEFDB28B0E6B90093F709 /* sagaRecordApp.swift */ = {isa = PBXFileReference; lastKnownFileType = sourcecode.swift; path = sagaRecordApp.swift; sourceTree = "<group>"; };
		033FEFDD28B0E6B90093F709 /* ContentView.swift */ = {isa = PBXFileReference; lastKnownFileType = sourcecode.swift; path = ContentView.swift; sourceTree = "<group>"; };
		033FEFDF28B0E6BA0093F709 /* Assets.xcassets */ = {isa = PBXFileReference; lastKnownFileType = folder.assetcatalog; path = Assets.xcassets; sourceTree = "<group>"; };
		033FEFE228B0E6BA0093F709 /* Preview Assets.xcassets */ = {isa = PBXFileReference; lastKnownFileType = folder.assetcatalog; path = "Preview Assets.xcassets"; sourceTree = "<group>"; };
		033FEFE828B0E6BA0093F709 /* sagaRecordTests.xctest */ = {isa = PBXFileReference; explicitFileType = wrapper.cfbundle; includeInIndex = 0; path = sagaRecordTests.xctest; sourceTree = BUILT_PRODUCTS_DIR; };
		033FEFEC28B0E6BA0093F709 /* sagaRecordTests.swift */ = {isa = PBXFileReference; lastKnownFileType = sourcecode.swift; path = sagaRecordTests.swift; sourceTree = "<group>"; };
		033FEFF228B0E6BA0093F709 /* sagaRecordUITests.xctest */ = {isa = PBXFileReference; explicitFileType = wrapper.cfbundle; includeInIndex = 0; path = sagaRecordUITests.xctest; sourceTree = BUILT_PRODUCTS_DIR; };
		033FEFF628B0E6BA0093F709 /* sagaRecordUITests.swift */ = {isa = PBXFileReference; lastKnownFileType = sourcecode.swift; path = sagaRecordUITests.swift; sourceTree = "<group>"; };
		033FEFF828B0E6BA0093F709 /* sagaRecordUITestsLaunchTests.swift */ = {isa = PBXFileReference; lastKnownFileType = sourcecode.swift; path = sagaRecordUITestsLaunchTests.swift; sourceTree = "<group>"; };
		033FF00528B0EEB30093F709 /* CharactersModel.swift */ = {isa = PBXFileReference; lastKnownFileType = sourcecode.swift; path = CharactersModel.swift; sourceTree = "<group>"; };
		033FF00728B112120093F709 /* CharactersControllModel.swift */ = {isa = PBXFileReference; lastKnownFileType = sourcecode.swift; path = CharactersControllModel.swift; sourceTree = "<group>"; };
		033FF00928B14C970093F709 /* Info.plist */ = {isa = PBXFileReference; lastKnownFileType = text.plist; path = Info.plist; sourceTree = "<group>"; };
		033FF00A28B3E8D20093F709 /* ConstantValuesModel.swift */ = {isa = PBXFileReference; lastKnownFileType = sourcecode.swift; path = ConstantValuesModel.swift; sourceTree = "<group>"; };
		033FF00C28B3EA970093F709 /* StatusStepperView.swift */ = {isa = PBXFileReference; lastKnownFileType = sourcecode.swift; path = StatusStepperView.swift; sourceTree = "<group>"; };
		40B72E678110592B35FC352A /* Pods-sagaRecord.debug.xcconfig */ = {isa = PBXFileReference; includeInIndex = 1; lastKnownFileType = text.xcconfig; name = "Pods-sagaRecord.debug.xcconfig"; path = "Target Support Files/Pods-sagaRecord/Pods-sagaRecord.debug.xcconfig"; sourceTree = "<group>"; };
		451E977396C0280A3FD41C85 /* Pods-sagaRecord-sagaRecordUITests.release.xcconfig */ = {isa = PBXFileReference; includeInIndex = 1; lastKnownFileType = text.xcconfig; name = "Pods-sagaRecord-sagaRecordUITests.release.xcconfig"; path = "Target Support Files/Pods-sagaRecord-sagaRecordUITests/Pods-sagaRecord-sagaRecordUITests.release.xcconfig"; sourceTree = "<group>"; };
		A0DB29C9E3A5ACF6CD3A8D1E /* Pods-sagaRecordTests.debug.xcconfig */ = {isa = PBXFileReference; includeInIndex = 1; lastKnownFileType = text.xcconfig; name = "Pods-sagaRecordTests.debug.xcconfig"; path = "Target Support Files/Pods-sagaRecordTests/Pods-sagaRecordTests.debug.xcconfig"; sourceTree = "<group>"; };
		A4E08360F823C442F197AC3E /* Pods_sagaRecordTests.framework */ = {isa = PBXFileReference; explicitFileType = wrapper.framework; includeInIndex = 0; path = Pods_sagaRecordTests.framework; sourceTree = BUILT_PRODUCTS_DIR; };
		B2D5BF5FDE90015A64B3FADC /* Pods-sagaRecord.release.xcconfig */ = {isa = PBXFileReference; includeInIndex = 1; lastKnownFileType = text.xcconfig; name = "Pods-sagaRecord.release.xcconfig"; path = "Target Support Files/Pods-sagaRecord/Pods-sagaRecord.release.xcconfig"; sourceTree = "<group>"; };
		BD6022996B33C6D5766A1DC2 /* Pods-sagaRecord-sagaRecordUITests.debug.xcconfig */ = {isa = PBXFileReference; includeInIndex = 1; lastKnownFileType = text.xcconfig; name = "Pods-sagaRecord-sagaRecordUITests.debug.xcconfig"; path = "Target Support Files/Pods-sagaRecord-sagaRecordUITests/Pods-sagaRecord-sagaRecordUITests.debug.xcconfig"; sourceTree = "<group>"; };
		C282503C022A3A55092AAD12 /* Pods_sagaRecord.framework */ = {isa = PBXFileReference; explicitFileType = wrapper.framework; includeInIndex = 0; path = Pods_sagaRecord.framework; sourceTree = BUILT_PRODUCTS_DIR; };
		E251A414D813887D6FE35859 /* Pods-sagaRecordTests.release.xcconfig */ = {isa = PBXFileReference; includeInIndex = 1; lastKnownFileType = text.xcconfig; name = "Pods-sagaRecordTests.release.xcconfig"; path = "Target Support Files/Pods-sagaRecordTests/Pods-sagaRecordTests.release.xcconfig"; sourceTree = "<group>"; };
		F1B6424217322169BE31C674 /* Pods_sagaRecord_sagaRecordUITests.framework */ = {isa = PBXFileReference; explicitFileType = wrapper.framework; includeInIndex = 0; path = Pods_sagaRecord_sagaRecordUITests.framework; sourceTree = BUILT_PRODUCTS_DIR; };
/* End PBXFileReference section */

/* Begin PBXFrameworksBuildPhase section */
		033FEFD528B0E6B90093F709 /* Frameworks */ = {
			isa = PBXFrameworksBuildPhase;
			buildActionMask = 2147483647;
			files = (
				67395AEE74F5483E22451BD0 /* Pods_sagaRecord.framework in Frameworks */,
			);
			runOnlyForDeploymentPostprocessing = 0;
		};
		033FEFE528B0E6BA0093F709 /* Frameworks */ = {
			isa = PBXFrameworksBuildPhase;
			buildActionMask = 2147483647;
			files = (
				F4A766A94B02AB17F10C4826 /* Pods_sagaRecordTests.framework in Frameworks */,
			);
			runOnlyForDeploymentPostprocessing = 0;
		};
		033FEFEF28B0E6BA0093F709 /* Frameworks */ = {
			isa = PBXFrameworksBuildPhase;
			buildActionMask = 2147483647;
			files = (
				36D33CD9DEB2AA1B0DEBB870 /* Pods_sagaRecord_sagaRecordUITests.framework in Frameworks */,
			);
			runOnlyForDeploymentPostprocessing = 0;
		};
/* End PBXFrameworksBuildPhase section */

/* Begin PBXGroup section */
		033FEFCF28B0E6B90093F709 = {
			isa = PBXGroup;
			children = (
				033FEFDA28B0E6B90093F709 /* sagaRecord */,
				033FEFEB28B0E6BA0093F709 /* sagaRecordTests */,
				033FEFF528B0E6BA0093F709 /* sagaRecordUITests */,
				033FEFD928B0E6B90093F709 /* Products */,
				6A108EE34F80EA4149E3D175 /* Pods */,
				22A11668B073E4FC46343827 /* Frameworks */,
			);
			sourceTree = "<group>";
		};
		033FEFD928B0E6B90093F709 /* Products */ = {
			isa = PBXGroup;
			children = (
				033FEFD828B0E6B90093F709 /* sagaRecord.app */,
				033FEFE828B0E6BA0093F709 /* sagaRecordTests.xctest */,
				033FEFF228B0E6BA0093F709 /* sagaRecordUITests.xctest */,
			);
			name = Products;
			sourceTree = "<group>";
		};
		033FEFDA28B0E6B90093F709 /* sagaRecord */ = {
			isa = PBXGroup;
			children = (
				033FF00928B14C970093F709 /* Info.plist */,
				033FEFDB28B0E6B90093F709 /* sagaRecordApp.swift */,
				033FEFDD28B0E6B90093F709 /* ContentView.swift */,
				033FF00C28B3EA970093F709 /* StatusStepperView.swift */,
				033FF00528B0EEB30093F709 /* CharactersModel.swift */,
				033FF00728B112120093F709 /* CharactersControllModel.swift */,
				033FF00A28B3E8D20093F709 /* ConstantValuesModel.swift */,
				033FEFDF28B0E6BA0093F709 /* Assets.xcassets */,
				033FEFE128B0E6BA0093F709 /* Preview Content */,
			);
			path = sagaRecord;
			sourceTree = "<group>";
		};
		033FEFE128B0E6BA0093F709 /* Preview Content */ = {
			isa = PBXGroup;
			children = (
				033FEFE228B0E6BA0093F709 /* Preview Assets.xcassets */,
			);
			path = "Preview Content";
			sourceTree = "<group>";
		};
		033FEFEB28B0E6BA0093F709 /* sagaRecordTests */ = {
			isa = PBXGroup;
			children = (
				033FEFEC28B0E6BA0093F709 /* sagaRecordTests.swift */,
			);
			path = sagaRecordTests;
			sourceTree = "<group>";
		};
		033FEFF528B0E6BA0093F709 /* sagaRecordUITests */ = {
			isa = PBXGroup;
			children = (
				033FEFF628B0E6BA0093F709 /* sagaRecordUITests.swift */,
				033FEFF828B0E6BA0093F709 /* sagaRecordUITestsLaunchTests.swift */,
			);
			path = sagaRecordUITests;
			sourceTree = "<group>";
		};
		22A11668B073E4FC46343827 /* Frameworks */ = {
			isa = PBXGroup;
			children = (
				C282503C022A3A55092AAD12 /* Pods_sagaRecord.framework */,
				F1B6424217322169BE31C674 /* Pods_sagaRecord_sagaRecordUITests.framework */,
				A4E08360F823C442F197AC3E /* Pods_sagaRecordTests.framework */,
			);
			name = Frameworks;
			sourceTree = "<group>";
		};
		6A108EE34F80EA4149E3D175 /* Pods */ = {
			isa = PBXGroup;
			children = (
				40B72E678110592B35FC352A /* Pods-sagaRecord.debug.xcconfig */,
				B2D5BF5FDE90015A64B3FADC /* Pods-sagaRecord.release.xcconfig */,
				BD6022996B33C6D5766A1DC2 /* Pods-sagaRecord-sagaRecordUITests.debug.xcconfig */,
				451E977396C0280A3FD41C85 /* Pods-sagaRecord-sagaRecordUITests.release.xcconfig */,
				A0DB29C9E3A5ACF6CD3A8D1E /* Pods-sagaRecordTests.debug.xcconfig */,
				E251A414D813887D6FE35859 /* Pods-sagaRecordTests.release.xcconfig */,
			);
			path = Pods;
			sourceTree = "<group>";
		};
/* End PBXGroup section */

/* Begin PBXNativeTarget section */
		033FEFD728B0E6B90093F709 /* sagaRecord */ = {
			isa = PBXNativeTarget;
			buildConfigurationList = 033FEFFC28B0E6BA0093F709 /* Build configuration list for PBXNativeTarget "sagaRecord" */;
			buildPhases = (
				7696B6F3DCBAAD5BA0F178D0 /* [CP] Check Pods Manifest.lock */,
				033FEFD428B0E6B90093F709 /* Sources */,
				033FEFD528B0E6B90093F709 /* Frameworks */,
				033FEFD628B0E6B90093F709 /* Resources */,
				7015D3554D9F7D9BC878B411 /* [CP] Embed Pods Frameworks */,
			);
			buildRules = (
			);
			dependencies = (
			);
			name = sagaRecord;
			productName = sagaRecord;
			productReference = 033FEFD828B0E6B90093F709 /* sagaRecord.app */;
			productType = "com.apple.product-type.application";
		};
		033FEFE728B0E6BA0093F709 /* sagaRecordTests */ = {
			isa = PBXNativeTarget;
			buildConfigurationList = 033FEFFF28B0E6BA0093F709 /* Build configuration list for PBXNativeTarget "sagaRecordTests" */;
			buildPhases = (
				E3EED68EDF738C7640B48B7E /* [CP] Check Pods Manifest.lock */,
				033FEFE428B0E6BA0093F709 /* Sources */,
				033FEFE528B0E6BA0093F709 /* Frameworks */,
				033FEFE628B0E6BA0093F709 /* Resources */,
			);
			buildRules = (
			);
			dependencies = (
				033FEFEA28B0E6BA0093F709 /* PBXTargetDependency */,
			);
			name = sagaRecordTests;
			productName = sagaRecordTests;
			productReference = 033FEFE828B0E6BA0093F709 /* sagaRecordTests.xctest */;
			productType = "com.apple.product-type.bundle.unit-test";
		};
		033FEFF128B0E6BA0093F709 /* sagaRecordUITests */ = {
			isa = PBXNativeTarget;
			buildConfigurationList = 033FF00228B0E6BA0093F709 /* Build configuration list for PBXNativeTarget "sagaRecordUITests" */;
			buildPhases = (
				E0F4B33BA1F7A7D4C0C8EE0C /* [CP] Check Pods Manifest.lock */,
				033FEFEE28B0E6BA0093F709 /* Sources */,
				033FEFEF28B0E6BA0093F709 /* Frameworks */,
				033FEFF028B0E6BA0093F709 /* Resources */,
				4ABA2266D96EDC0876804FCB /* [CP] Embed Pods Frameworks */,
			);
			buildRules = (
			);
			dependencies = (
				033FEFF428B0E6BA0093F709 /* PBXTargetDependency */,
			);
			name = sagaRecordUITests;
			productName = sagaRecordUITests;
			productReference = 033FEFF228B0E6BA0093F709 /* sagaRecordUITests.xctest */;
			productType = "com.apple.product-type.bundle.ui-testing";
		};
/* End PBXNativeTarget section */

/* Begin PBXProject section */
		033FEFD028B0E6B90093F709 /* Project object */ = {
			isa = PBXProject;
			attributes = {
				BuildIndependentTargetsInParallel = 1;
				LastSwiftUpdateCheck = 1340;
				LastUpgradeCheck = 1340;
				TargetAttributes = {
					033FEFD728B0E6B90093F709 = {
						CreatedOnToolsVersion = 13.4.1;
					};
					033FEFE728B0E6BA0093F709 = {
						CreatedOnToolsVersion = 13.4.1;
						TestTargetID = 033FEFD728B0E6B90093F709;
					};
					033FEFF128B0E6BA0093F709 = {
						CreatedOnToolsVersion = 13.4.1;
						TestTargetID = 033FEFD728B0E6B90093F709;
					};
				};
			};
			buildConfigurationList = 033FEFD328B0E6B90093F709 /* Build configuration list for PBXProject "sagaRecord" */;
			compatibilityVersion = "Xcode 13.0";
			developmentRegion = en;
			hasScannedForEncodings = 0;
			knownRegions = (
				en,
				Base,
			);
			mainGroup = 033FEFCF28B0E6B90093F709;
			productRefGroup = 033FEFD928B0E6B90093F709 /* Products */;
			projectDirPath = "";
			projectRoot = "";
			targets = (
				033FEFD728B0E6B90093F709 /* sagaRecord */,
				033FEFE728B0E6BA0093F709 /* sagaRecordTests */,
				033FEFF128B0E6BA0093F709 /* sagaRecordUITests */,
			);
		};
/* End PBXProject section */

/* Begin PBXResourcesBuildPhase section */
		033FEFD628B0E6B90093F709 /* Resources */ = {
			isa = PBXResourcesBuildPhase;
			buildActionMask = 2147483647;
			files = (
				033FEFE328B0E6BA0093F709 /* Preview Assets.xcassets in Resources */,
				033FEFE028B0E6BA0093F709 /* Assets.xcassets in Resources */,
			);
			runOnlyForDeploymentPostprocessing = 0;
		};
		033FEFE628B0E6BA0093F709 /* Resources */ = {
			isa = PBXResourcesBuildPhase;
			buildActionMask = 2147483647;
			files = (
			);
			runOnlyForDeploymentPostprocessing = 0;
		};
		033FEFF028B0E6BA0093F709 /* Resources */ = {
			isa = PBXResourcesBuildPhase;
			buildActionMask = 2147483647;
			files = (
			);
			runOnlyForDeploymentPostprocessing = 0;
		};
/* End PBXResourcesBuildPhase section */

/* Begin PBXShellScriptBuildPhase section */
		4ABA2266D96EDC0876804FCB /* [CP] Embed Pods Frameworks */ = {
			isa = PBXShellScriptBuildPhase;
			buildActionMask = 2147483647;
			files = (
			);
			inputFileListPaths = (
				"${PODS_ROOT}/Target Support Files/Pods-sagaRecord-sagaRecordUITests/Pods-sagaRecord-sagaRecordUITests-frameworks-${CONFIGURATION}-input-files.xcfilelist",
			);
			name = "[CP] Embed Pods Frameworks";
			outputFileListPaths = (
				"${PODS_ROOT}/Target Support Files/Pods-sagaRecord-sagaRecordUITests/Pods-sagaRecord-sagaRecordUITests-frameworks-${CONFIGURATION}-output-files.xcfilelist",
			);
			runOnlyForDeploymentPostprocessing = 0;
			shellPath = /bin/sh;
			shellScript = "\"${PODS_ROOT}/Target Support Files/Pods-sagaRecord-sagaRecordUITests/Pods-sagaRecord-sagaRecordUITests-frameworks.sh\"\n";
			showEnvVarsInLog = 0;
		};
		7015D3554D9F7D9BC878B411 /* [CP] Embed Pods Frameworks */ = {
			isa = PBXShellScriptBuildPhase;
			buildActionMask = 2147483647;
			files = (
			);
			inputFileListPaths = (
				"${PODS_ROOT}/Target Support Files/Pods-sagaRecord/Pods-sagaRecord-frameworks-${CONFIGURATION}-input-files.xcfilelist",
			);
			name = "[CP] Embed Pods Frameworks";
			outputFileListPaths = (
				"${PODS_ROOT}/Target Support Files/Pods-sagaRecord/Pods-sagaRecord-frameworks-${CONFIGURATION}-output-files.xcfilelist",
			);
			runOnlyForDeploymentPostprocessing = 0;
			shellPath = /bin/sh;
			shellScript = "\"${PODS_ROOT}/Target Support Files/Pods-sagaRecord/Pods-sagaRecord-frameworks.sh\"\n";
			showEnvVarsInLog = 0;
		};
		7696B6F3DCBAAD5BA0F178D0 /* [CP] Check Pods Manifest.lock */ = {
			isa = PBXShellScriptBuildPhase;
			buildActionMask = 2147483647;
			files = (
			);
			inputFileListPaths = (
			);
			inputPaths = (
				"${PODS_PODFILE_DIR_PATH}/Podfile.lock",
				"${PODS_ROOT}/Manifest.lock",
			);
			name = "[CP] Check Pods Manifest.lock";
			outputFileListPaths = (
			);
			outputPaths = (
				"$(DERIVED_FILE_DIR)/Pods-sagaRecord-checkManifestLockResult.txt",
			);
			runOnlyForDeploymentPostprocessing = 0;
			shellPath = /bin/sh;
			shellScript = "diff \"${PODS_PODFILE_DIR_PATH}/Podfile.lock\" \"${PODS_ROOT}/Manifest.lock\" > /dev/null\nif [ $? != 0 ] ; then\n    # print error to STDERR\n    echo \"error: The sandbox is not in sync with the Podfile.lock. Run 'pod install' or update your CocoaPods installation.\" >&2\n    exit 1\nfi\n# This output is used by Xcode 'outputs' to avoid re-running this script phase.\necho \"SUCCESS\" > \"${SCRIPT_OUTPUT_FILE_0}\"\n";
			showEnvVarsInLog = 0;
		};
		E0F4B33BA1F7A7D4C0C8EE0C /* [CP] Check Pods Manifest.lock */ = {
			isa = PBXShellScriptBuildPhase;
			buildActionMask = 2147483647;
			files = (
			);
			inputFileListPaths = (
			);
			inputPaths = (
				"${PODS_PODFILE_DIR_PATH}/Podfile.lock",
				"${PODS_ROOT}/Manifest.lock",
			);
			name = "[CP] Check Pods Manifest.lock";
			outputFileListPaths = (
			);
			outputPaths = (
				"$(DERIVED_FILE_DIR)/Pods-sagaRecord-sagaRecordUITests-checkManifestLockResult.txt",
			);
			runOnlyForDeploymentPostprocessing = 0;
			shellPath = /bin/sh;
			shellScript = "diff \"${PODS_PODFILE_DIR_PATH}/Podfile.lock\" \"${PODS_ROOT}/Manifest.lock\" > /dev/null\nif [ $? != 0 ] ; then\n    # print error to STDERR\n    echo \"error: The sandbox is not in sync with the Podfile.lock. Run 'pod install' or update your CocoaPods installation.\" >&2\n    exit 1\nfi\n# This output is used by Xcode 'outputs' to avoid re-running this script phase.\necho \"SUCCESS\" > \"${SCRIPT_OUTPUT_FILE_0}\"\n";
			showEnvVarsInLog = 0;
		};
		E3EED68EDF738C7640B48B7E /* [CP] Check Pods Manifest.lock */ = {
			isa = PBXShellScriptBuildPhase;
			buildActionMask = 2147483647;
			files = (
			);
			inputFileListPaths = (
			);
			inputPaths = (
				"${PODS_PODFILE_DIR_PATH}/Podfile.lock",
				"${PODS_ROOT}/Manifest.lock",
			);
			name = "[CP] Check Pods Manifest.lock";
			outputFileListPaths = (
			);
			outputPaths = (
				"$(DERIVED_FILE_DIR)/Pods-sagaRecordTests-checkManifestLockResult.txt",
			);
			runOnlyForDeploymentPostprocessing = 0;
			shellPath = /bin/sh;
			shellScript = "diff \"${PODS_PODFILE_DIR_PATH}/Podfile.lock\" \"${PODS_ROOT}/Manifest.lock\" > /dev/null\nif [ $? != 0 ] ; then\n    # print error to STDERR\n    echo \"error: The sandbox is not in sync with the Podfile.lock. Run 'pod install' or update your CocoaPods installation.\" >&2\n    exit 1\nfi\n# This output is used by Xcode 'outputs' to avoid re-running this script phase.\necho \"SUCCESS\" > \"${SCRIPT_OUTPUT_FILE_0}\"\n";
			showEnvVarsInLog = 0;
		};
/* End PBXShellScriptBuildPhase section */

/* Begin PBXSourcesBuildPhase section */
		033FEFD428B0E6B90093F709 /* Sources */ = {
			isa = PBXSourcesBuildPhase;
			buildActionMask = 2147483647;
			files = (
				033FF00D28B3EA970093F709 /* StatusStepperView.swift in Sources */,
				033FF00628B0EEB30093F709 /* CharactersModel.swift in Sources */,
				033FEFDE28B0E6B90093F709 /* ContentView.swift in Sources */,
				033FF00828B112120093F709 /* CharactersControllModel.swift in Sources */,
				033FF00B28B3E8D20093F709 /* ConstantValuesModel.swift in Sources */,
				033FEFDC28B0E6B90093F709 /* sagaRecordApp.swift in Sources */,
			);
			runOnlyForDeploymentPostprocessing = 0;
		};
		033FEFE428B0E6BA0093F709 /* Sources */ = {
			isa = PBXSourcesBuildPhase;
			buildActionMask = 2147483647;
			files = (
				033FEFED28B0E6BA0093F709 /* sagaRecordTests.swift in Sources */,
			);
			runOnlyForDeploymentPostprocessing = 0;
		};
		033FEFEE28B0E6BA0093F709 /* Sources */ = {
			isa = PBXSourcesBuildPhase;
			buildActionMask = 2147483647;
			files = (
				033FEFF728B0E6BA0093F709 /* sagaRecordUITests.swift in Sources */,
				033FEFF928B0E6BA0093F709 /* sagaRecordUITestsLaunchTests.swift in Sources */,
			);
			runOnlyForDeploymentPostprocessing = 0;
		};
/* End PBXSourcesBuildPhase section */

/* Begin PBXTargetDependency section */
		033FEFEA28B0E6BA0093F709 /* PBXTargetDependency */ = {
			isa = PBXTargetDependency;
			target = 033FEFD728B0E6B90093F709 /* sagaRecord */;
			targetProxy = 033FEFE928B0E6BA0093F709 /* PBXContainerItemProxy */;
		};
		033FEFF428B0E6BA0093F709 /* PBXTargetDependency */ = {
			isa = PBXTargetDependency;
			target = 033FEFD728B0E6B90093F709 /* sagaRecord */;
			targetProxy = 033FEFF328B0E6BA0093F709 /* PBXContainerItemProxy */;
		};
/* End PBXTargetDependency section */

/* Begin XCBuildConfiguration section */
		033FEFFA28B0E6BA0093F709 /* Debug */ = {
			isa = XCBuildConfiguration;
			buildSettings = {
				ALWAYS_SEARCH_USER_PATHS = NO;
				CLANG_ANALYZER_NONNULL = YES;
				CLANG_ANALYZER_NUMBER_OBJECT_CONVERSION = YES_AGGRESSIVE;
				CLANG_CXX_LANGUAGE_STANDARD = "gnu++17";
				CLANG_ENABLE_MODULES = YES;
				CLANG_ENABLE_OBJC_ARC = YES;
				CLANG_ENABLE_OBJC_WEAK = YES;
				CLANG_WARN_BLOCK_CAPTURE_AUTORELEASING = YES;
				CLANG_WARN_BOOL_CONVERSION = YES;
				CLANG_WARN_COMMA = YES;
				CLANG_WARN_CONSTANT_CONVERSION = YES;
				CLANG_WARN_DEPRECATED_OBJC_IMPLEMENTATIONS = YES;
				CLANG_WARN_DIRECT_OBJC_ISA_USAGE = YES_ERROR;
				CLANG_WARN_DOCUMENTATION_COMMENTS = YES;
				CLANG_WARN_EMPTY_BODY = YES;
				CLANG_WARN_ENUM_CONVERSION = YES;
				CLANG_WARN_INFINITE_RECURSION = YES;
				CLANG_WARN_INT_CONVERSION = YES;
				CLANG_WARN_NON_LITERAL_NULL_CONVERSION = YES;
				CLANG_WARN_OBJC_IMPLICIT_RETAIN_SELF = YES;
				CLANG_WARN_OBJC_LITERAL_CONVERSION = YES;
				CLANG_WARN_OBJC_ROOT_CLASS = YES_ERROR;
				CLANG_WARN_QUOTED_INCLUDE_IN_FRAMEWORK_HEADER = YES;
				CLANG_WARN_RANGE_LOOP_ANALYSIS = YES;
				CLANG_WARN_STRICT_PROTOTYPES = YES;
				CLANG_WARN_SUSPICIOUS_MOVE = YES;
				CLANG_WARN_UNGUARDED_AVAILABILITY = YES_AGGRESSIVE;
				CLANG_WARN_UNREACHABLE_CODE = YES;
				CLANG_WARN__DUPLICATE_METHOD_MATCH = YES;
				COPY_PHASE_STRIP = NO;
				DEBUG_INFORMATION_FORMAT = dwarf;
				ENABLE_STRICT_OBJC_MSGSEND = YES;
				ENABLE_TESTABILITY = YES;
				GCC_C_LANGUAGE_STANDARD = gnu11;
				GCC_DYNAMIC_NO_PIC = NO;
				GCC_NO_COMMON_BLOCKS = YES;
				GCC_OPTIMIZATION_LEVEL = 0;
				GCC_PREPROCESSOR_DEFINITIONS = (
					"DEBUG=1",
					"$(inherited)",
				);
				GCC_WARN_64_TO_32_BIT_CONVERSION = YES;
				GCC_WARN_ABOUT_RETURN_TYPE = YES_ERROR;
				GCC_WARN_UNDECLARED_SELECTOR = YES;
				GCC_WARN_UNINITIALIZED_AUTOS = YES_AGGRESSIVE;
				GCC_WARN_UNUSED_FUNCTION = YES;
				GCC_WARN_UNUSED_VARIABLE = YES;
				IPHONEOS_DEPLOYMENT_TARGET = 15.5;
				MTL_ENABLE_DEBUG_INFO = INCLUDE_SOURCE;
				MTL_FAST_MATH = YES;
				ONLY_ACTIVE_ARCH = YES;
				SDKROOT = iphoneos;
				SWIFT_ACTIVE_COMPILATION_CONDITIONS = DEBUG;
				SWIFT_OPTIMIZATION_LEVEL = "-Onone";
			};
			name = Debug;
		};
		033FEFFB28B0E6BA0093F709 /* Release */ = {
			isa = XCBuildConfiguration;
			buildSettings = {
				ALWAYS_SEARCH_USER_PATHS = NO;
				CLANG_ANALYZER_NONNULL = YES;
				CLANG_ANALYZER_NUMBER_OBJECT_CONVERSION = YES_AGGRESSIVE;
				CLANG_CXX_LANGUAGE_STANDARD = "gnu++17";
				CLANG_ENABLE_MODULES = YES;
				CLANG_ENABLE_OBJC_ARC = YES;
				CLANG_ENABLE_OBJC_WEAK = YES;
				CLANG_WARN_BLOCK_CAPTURE_AUTORELEASING = YES;
				CLANG_WARN_BOOL_CONVERSION = YES;
				CLANG_WARN_COMMA = YES;
				CLANG_WARN_CONSTANT_CONVERSION = YES;
				CLANG_WARN_DEPRECATED_OBJC_IMPLEMENTATIONS = YES;
				CLANG_WARN_DIRECT_OBJC_ISA_USAGE = YES_ERROR;
				CLANG_WARN_DOCUMENTATION_COMMENTS = YES;
				CLANG_WARN_EMPTY_BODY = YES;
				CLANG_WARN_ENUM_CONVERSION = YES;
				CLANG_WARN_INFINITE_RECURSION = YES;
				CLANG_WARN_INT_CONVERSION = YES;
				CLANG_WARN_NON_LITERAL_NULL_CONVERSION = YES;
				CLANG_WARN_OBJC_IMPLICIT_RETAIN_SELF = YES;
				CLANG_WARN_OBJC_LITERAL_CONVERSION = YES;
				CLANG_WARN_OBJC_ROOT_CLASS = YES_ERROR;
				CLANG_WARN_QUOTED_INCLUDE_IN_FRAMEWORK_HEADER = YES;
				CLANG_WARN_RANGE_LOOP_ANALYSIS = YES;
				CLANG_WARN_STRICT_PROTOTYPES = YES;
				CLANG_WARN_SUSPICIOUS_MOVE = YES;
				CLANG_WARN_UNGUARDED_AVAILABILITY = YES_AGGRESSIVE;
				CLANG_WARN_UNREACHABLE_CODE = YES;
				CLANG_WARN__DUPLICATE_METHOD_MATCH = YES;
				COPY_PHASE_STRIP = NO;
				DEBUG_INFORMATION_FORMAT = "dwarf-with-dsym";
				ENABLE_NS_ASSERTIONS = NO;
				ENABLE_STRICT_OBJC_MSGSEND = YES;
				GCC_C_LANGUAGE_STANDARD = gnu11;
				GCC_NO_COMMON_BLOCKS = YES;
				GCC_WARN_64_TO_32_BIT_CONVERSION = YES;
				GCC_WARN_ABOUT_RETURN_TYPE = YES_ERROR;
				GCC_WARN_UNDECLARED_SELECTOR = YES;
				GCC_WARN_UNINITIALIZED_AUTOS = YES_AGGRESSIVE;
				GCC_WARN_UNUSED_FUNCTION = YES;
				GCC_WARN_UNUSED_VARIABLE = YES;
				IPHONEOS_DEPLOYMENT_TARGET = 15.5;
				MTL_ENABLE_DEBUG_INFO = NO;
				MTL_FAST_MATH = YES;
				SDKROOT = iphoneos;
				SWIFT_COMPILATION_MODE = wholemodule;
				SWIFT_OPTIMIZATION_LEVEL = "-O";
				VALIDATE_PRODUCT = YES;
			};
			name = Release;
		};
		033FEFFD28B0E6BA0093F709 /* Debug */ = {
			isa = XCBuildConfiguration;
			baseConfigurationReference = 40B72E678110592B35FC352A /* Pods-sagaRecord.debug.xcconfig */;
			buildSettings = {
				ASSETCATALOG_COMPILER_APPICON_NAME = AppIcon;
				ASSETCATALOG_COMPILER_GLOBAL_ACCENT_COLOR_NAME = AccentColor;
				CODE_SIGN_STYLE = Automatic;
				CURRENT_PROJECT_VERSION = 1;
				DEVELOPMENT_ASSET_PATHS = "\"sagaRecord/Preview Content\"";
				DEVELOPMENT_TEAM = D92QVWG5E4;
				ENABLE_PREVIEWS = YES;
				GENERATE_INFOPLIST_FILE = YES;
				INFOPLIST_FILE = sagaRecord/Info.plist;
				INFOPLIST_KEY_UIApplicationSceneManifest_Generation = YES;
				INFOPLIST_KEY_UIApplicationSupportsIndirectInputEvents = YES;
				INFOPLIST_KEY_UILaunchScreen_Generation = YES;
				INFOPLIST_KEY_UISupportedInterfaceOrientations_iPad = "UIInterfaceOrientationPortrait UIInterfaceOrientationPortraitUpsideDown UIInterfaceOrientationLandscapeLeft UIInterfaceOrientationLandscapeRight";
				INFOPLIST_KEY_UISupportedInterfaceOrientations_iPhone = "UIInterfaceOrientationPortrait UIInterfaceOrientationLandscapeLeft UIInterfaceOrientationLandscapeRight";
				LD_RUNPATH_SEARCH_PATHS = (
					"$(inherited)",
					"@executable_path/Frameworks",
				);
				MARKETING_VERSION = 1.0;
				PRODUCT_BUNDLE_IDENTIFIER = com.yutaYamamoto1123.sagaRecord;
				PRODUCT_NAME = "$(TARGET_NAME)";
				SWIFT_EMIT_LOC_STRINGS = YES;
				SWIFT_VERSION = 5.0;
				TARGETED_DEVICE_FAMILY = "1,2";
			};
			name = Debug;
		};
		033FEFFE28B0E6BA0093F709 /* Release */ = {
			isa = XCBuildConfiguration;
			baseConfigurationReference = B2D5BF5FDE90015A64B3FADC /* Pods-sagaRecord.release.xcconfig */;
			buildSettings = {
				ASSETCATALOG_COMPILER_APPICON_NAME = AppIcon;
				ASSETCATALOG_COMPILER_GLOBAL_ACCENT_COLOR_NAME = AccentColor;
				CODE_SIGN_STYLE = Automatic;
				CURRENT_PROJECT_VERSION = 1;
				DEVELOPMENT_ASSET_PATHS = "\"sagaRecord/Preview Content\"";
				DEVELOPMENT_TEAM = D92QVWG5E4;
				ENABLE_PREVIEWS = YES;
				GENERATE_INFOPLIST_FILE = YES;
				INFOPLIST_FILE = sagaRecord/Info.plist;
				INFOPLIST_KEY_UIApplicationSceneManifest_Generation = YES;
				INFOPLIST_KEY_UIApplicationSupportsIndirectInputEvents = YES;
				INFOPLIST_KEY_UILaunchScreen_Generation = YES;
				INFOPLIST_KEY_UISupportedInterfaceOrientations_iPad = "UIInterfaceOrientationPortrait UIInterfaceOrientationPortraitUpsideDown UIInterfaceOrientationLandscapeLeft UIInterfaceOrientationLandscapeRight";
				INFOPLIST_KEY_UISupportedInterfaceOrientations_iPhone = "UIInterfaceOrientationPortrait UIInterfaceOrientationLandscapeLeft UIInterfaceOrientationLandscapeRight";
				LD_RUNPATH_SEARCH_PATHS = (
					"$(inherited)",
					"@executable_path/Frameworks",
				);
				MARKETING_VERSION = 1.0;
				PRODUCT_BUNDLE_IDENTIFIER = com.yutaYamamoto1123.sagaRecord;
				PRODUCT_NAME = "$(TARGET_NAME)";
				SWIFT_EMIT_LOC_STRINGS = YES;
				SWIFT_VERSION = 5.0;
				TARGETED_DEVICE_FAMILY = "1,2";
			};
			name = Release;
		};
		033FF00028B0E6BA0093F709 /* Debug */ = {
			isa = XCBuildConfiguration;
			baseConfigurationReference = A0DB29C9E3A5ACF6CD3A8D1E /* Pods-sagaRecordTests.debug.xcconfig */;
			buildSettings = {
				ALWAYS_EMBED_SWIFT_STANDARD_LIBRARIES = YES;
				BUNDLE_LOADER = "$(TEST_HOST)";
				CODE_SIGN_STYLE = Automatic;
				CURRENT_PROJECT_VERSION = 1;
				DEVELOPMENT_TEAM = D92QVWG5E4;
				GENERATE_INFOPLIST_FILE = YES;
				IPHONEOS_DEPLOYMENT_TARGET = 15.5;
				MARKETING_VERSION = 1.0;
				PRODUCT_BUNDLE_IDENTIFIER = com.yutaYamamoto1123.sagaRecordTests;
				PRODUCT_NAME = "$(TARGET_NAME)";
				SWIFT_EMIT_LOC_STRINGS = NO;
				SWIFT_VERSION = 5.0;
				TARGETED_DEVICE_FAMILY = "1,2";
				TEST_HOST = "$(BUILT_PRODUCTS_DIR)/sagaRecord.app/sagaRecord";
			};
			name = Debug;
		};
		033FF00128B0E6BA0093F709 /* Release */ = {
			isa = XCBuildConfiguration;
			baseConfigurationReference = E251A414D813887D6FE35859 /* Pods-sagaRecordTests.release.xcconfig */;
			buildSettings = {
				ALWAYS_EMBED_SWIFT_STANDARD_LIBRARIES = YES;
				BUNDLE_LOADER = "$(TEST_HOST)";
				CODE_SIGN_STYLE = Automatic;
				CURRENT_PROJECT_VERSION = 1;
				DEVELOPMENT_TEAM = D92QVWG5E4;
				GENERATE_INFOPLIST_FILE = YES;
				IPHONEOS_DEPLOYMENT_TARGET = 15.5;
				MARKETING_VERSION = 1.0;
				PRODUCT_BUNDLE_IDENTIFIER = com.yutaYamamoto1123.sagaRecordTests;
				PRODUCT_NAME = "$(TARGET_NAME)";
				SWIFT_EMIT_LOC_STRINGS = NO;
				SWIFT_VERSION = 5.0;
				TARGETED_DEVICE_FAMILY = "1,2";
				TEST_HOST = "$(BUILT_PRODUCTS_DIR)/sagaRecord.app/sagaRecord";
			};
			name = Release;
		};
		033FF00328B0E6BA0093F709 /* Debug */ = {
			isa = XCBuildConfiguration;
			baseConfigurationReference = BD6022996B33C6D5766A1DC2 /* Pods-sagaRecord-sagaRecordUITests.debug.xcconfig */;
			buildSettings = {
				ALWAYS_EMBED_SWIFT_STANDARD_LIBRARIES = YES;
				CODE_SIGN_STYLE = Automatic;
				CURRENT_PROJECT_VERSION = 1;
				DEVELOPMENT_TEAM = D92QVWG5E4;
				GENERATE_INFOPLIST_FILE = YES;
				MARKETING_VERSION = 1.0;
				PRODUCT_BUNDLE_IDENTIFIER = com.yutaYamamoto1123.sagaRecordUITests;
				PRODUCT_NAME = "$(TARGET_NAME)";
				SWIFT_EMIT_LOC_STRINGS = NO;
				SWIFT_VERSION = 5.0;
				TARGETED_DEVICE_FAMILY = "1,2";
				TEST_TARGET_NAME = sagaRecord;
			};
			name = Debug;
		};
		033FF00428B0E6BA0093F709 /* Release */ = {
			isa = XCBuildConfiguration;
			baseConfigurationReference = 451E977396C0280A3FD41C85 /* Pods-sagaRecord-sagaRecordUITests.release.xcconfig */;
			buildSettings = {
				ALWAYS_EMBED_SWIFT_STANDARD_LIBRARIES = YES;
				CODE_SIGN_STYLE = Automatic;
				CURRENT_PROJECT_VERSION = 1;
				DEVELOPMENT_TEAM = D92QVWG5E4;
				GENERATE_INFOPLIST_FILE = YES;
				MARKETING_VERSION = 1.0;
				PRODUCT_BUNDLE_IDENTIFIER = com.yutaYamamoto1123.sagaRecordUITests;
				PRODUCT_NAME = "$(TARGET_NAME)";
				SWIFT_EMIT_LOC_STRINGS = NO;
				SWIFT_VERSION = 5.0;
				TARGETED_DEVICE_FAMILY = "1,2";
				TEST_TARGET_NAME = sagaRecord;
			};
			name = Release;
		};
/* End XCBuildConfiguration section */

/* Begin XCConfigurationList section */
		033FEFD328B0E6B90093F709 /* Build configuration list for PBXProject "sagaRecord" */ = {
			isa = XCConfigurationList;
			buildConfigurations = (
				033FEFFA28B0E6BA0093F709 /* Debug */,
				033FEFFB28B0E6BA0093F709 /* Release */,
			);
			defaultConfigurationIsVisible = 0;
			defaultConfigurationName = Release;
		};
		033FEFFC28B0E6BA0093F709 /* Build configuration list for PBXNativeTarget "sagaRecord" */ = {
			isa = XCConfigurationList;
			buildConfigurations = (
				033FEFFD28B0E6BA0093F709 /* Debug */,
				033FEFFE28B0E6BA0093F709 /* Release */,
			);
			defaultConfigurationIsVisible = 0;
			defaultConfigurationName = Release;
		};
		033FEFFF28B0E6BA0093F709 /* Build configuration list for PBXNativeTarget "sagaRecordTests" */ = {
			isa = XCConfigurationList;
			buildConfigurations = (
				033FF00028B0E6BA0093F709 /* Debug */,
				033FF00128B0E6BA0093F709 /* Release */,
			);
			defaultConfigurationIsVisible = 0;
			defaultConfigurationName = Release;
		};
		033FF00228B0E6BA0093F709 /* Build configuration list for PBXNativeTarget "sagaRecordUITests" */ = {
			isa = XCConfigurationList;
			buildConfigurations = (
				033FF00328B0E6BA0093F709 /* Debug */,
				033FF00428B0E6BA0093F709 /* Release */,
			);
			defaultConfigurationIsVisible = 0;
			defaultConfigurationName = Release;
		};
/* End XCConfigurationList section */
	};
	rootObject = 033FEFD028B0E6B90093F709 /* Project object */;
}
